
Microsoft Visual Studio Solution File, Format Version 12.00
# Visual Studio Version 17
VisualStudioVersion = 17.8.34322.80
MinimumVisualStudioVersion = 10.0.40219.1
Project("{9A19103F-16F7-4668-BE54-9A1E7A4F7556}") = "Common", "Common\Common.csproj", "{0177176F-A2F7-41C5-80CB-CE70B5EA8A3B}"
EndProject
Project("{9A19103F-16F7-4668-BE54-9A1E7A4F7556}") = "Service", "Service\Service.csproj", "{54175E2E-A4FF-444F-99FB-520E7571C440}"
EndProject
Project("{9A19103F-16F7-4668-BE54-9A1E7A4F7556}") = "Domain", "Domain\Domain.csproj", "{8B464853-76B4-4E38-BDD6-927A83069C80}"
EndProject
Project("{9A19103F-16F7-4668-BE54-9A1E7A4F7556}") = "Infrastructure", "Infrastructure\Infrastructure.csproj", "{EC220AEE-F9FF-401C-9073-C36B0D3C88A7}"
EndProject
Project("{FAE04EC0-301F-11D3-BF4B-00C04F79EFBC}") = "API", "API\API\API.csproj", "{2B6C349F-A3E6-4CD5-A686-67339F5DB475}"
EndProject
Global
	GlobalSection(SolutionConfigurationPlatforms) = preSolution
		Debug|Any CPU = Debug|Any CPU
		Release|Any CPU = Release|Any CPU
	EndGlobalSection
	GlobalSection(ProjectConfigurationPlatforms) = postSolution
		{0177176F-A2F7-41C5-80CB-CE70B5EA8A3B}.Debug|Any CPU.ActiveCfg = Debug|Any CPU
		{0177176F-A2F7-41C5-80CB-CE70B5EA8A3B}.Debug|Any CPU.Build.0 = Debug|Any CPU
		{0177176F-A2F7-41C5-80CB-CE70B5EA8A3B}.Release|Any CPU.ActiveCfg = Release|Any CPU
		{0177176F-A2F7-41C5-80CB-CE70B5EA8A3B}.Release|Any CPU.Build.0 = Release|Any CPU
		{54175E2E-A4FF-444F-99FB-520E7571C440}.Debug|Any CPU.ActiveCfg = Debug|Any CPU
		{54175E2E-A4FF-444F-99FB-520E7571C440}.Debug|Any CPU.Build.0 = Debug|Any CPU
		{54175E2E-A4FF-444F-99FB-520E7571C440}.Release|Any CPU.ActiveCfg = Release|Any CPU
		{54175E2E-A4FF-444F-99FB-520E7571C440}.Release|Any CPU.Build.0 = Release|Any CPU
		{8B464853-76B4-4E38-BDD6-927A83069C80}.Debug|Any CPU.ActiveCfg = Debug|Any CPU
		{8B464853-76B4-4E38-BDD6-927A83069C80}.Debug|Any CPU.Build.0 = Debug|Any CPU
		{8B464853-76B4-4E38-BDD6-927A83069C80}.Release|Any CPU.ActiveCfg = Release|Any CPU
		{8B464853-76B4-4E38-BDD6-927A83069C80}.Release|Any CPU.Build.0 = Release|Any CPU
		{EC220AEE-F9FF-401C-9073-C36B0D3C88A7}.Debug|Any CPU.ActiveCfg = Debug|Any CPU
		{EC220AEE-F9FF-401C-9073-C36B0D3C88A7}.Debug|Any CPU.Build.0 = Debug|Any CPU
		{EC220AEE-F9FF-401C-9073-C36B0D3C88A7}.Release|Any CPU.ActiveCfg = Release|Any CPU
		{EC220AEE-F9FF-401C-9073-C36B0D3C88A7}.Release|Any CPU.Build.0 = Release|Any CPU
		{2B6C349F-A3E6-4CD5-A686-67339F5DB475}.Debug|Any CPU.ActiveCfg = Debug|Any CPU
		{2B6C349F-A3E6-4CD5-A686-67339F5DB475}.Debug|Any CPU.Build.0 = Debug|Any CPU
		{2B6C349F-A3E6-4CD5-A686-67339F5DB475}.Release|Any CPU.ActiveCfg = Release|Any CPU
		{2B6C349F-A3E6-4CD5-A686-67339F5DB475}.Release|Any CPU.Build.0 = Release|Any CPU
	EndGlobalSection
	GlobalSection(SolutionProperties) = preSolution
		HideSolutionNode = FALSE
	EndGlobalSection
	GlobalSection(ExtensibilityGlobals) = postSolution
		SolutionGuid = {4172DEAC-0A4C-4721-B544-01B4CB248E0A}
	EndGlobalSection
EndGlobal
